
Microsoft Visual Studio Solution File, Format Version 12.00
# Visual Studio 2013
VisualStudioVersion = 12.0.30324.0
MinimumVisualStudioVersion = 10.0.40219.1
Project("{FAE04EC0-301F-11D3-BF4B-00C04F79EFBC}") = "RSLPS", "RSLPS\RSLPS.csproj", "{71EE1567-FD9F-40E4-9116-9D8CDC5EE8FD}"
EndProject
Global
	GlobalSection(SolutionConfigurationPlatforms) = preSolution
		Debug|Any CPU = Debug|Any CPU
		Release|Any CPU = Release|Any CPU
	EndGlobalSection
	GlobalSection(ProjectConfigurationPlatforms) = postSolution
		{71EE1567-FD9F-40E4-9116-9D8CDC5EE8FD}.Debug|Any CPU.ActiveCfg = Debug|Any CPU
		{71EE1567-FD9F-40E4-9116-9D8CDC5EE8FD}.Debug|Any CPU.Build.0 = Debug|Any CPU
		{71EE1567-FD9F-40E4-9116-9D8CDC5EE8FD}.Release|Any CPU.ActiveCfg = Release|Any CPU
		{71EE1567-FD9F-40E4-9116-9D8CDC5EE8FD}.Release|Any CPU.Build.0 = Release|Any CPU
	EndGlobalSection
	GlobalSection(SolutionProperties) = preSolution
		HideSolutionNode = FALSE
	EndGlobalSection
EndGlobal
